
Microsoft Visual Studio Solution File, Format Version 12.00
# Visual Studio 15
VisualStudioVersion = 15.0.28307.136
MinimumVisualStudioVersion = 10.0.40219.1
Project("{9A19103F-16F7-4668-BE54-9A1E7A4F7556}") = "WebAppBanHang", "WebAppBanHang\WebAppBanHang.csproj", "{80CBA01B-6ABC-4969-B2E0-88C44E9038A2}"
EndProject
Project("{FAE04EC0-301F-11D3-BF4B-00C04F79EFBC}") = "WebApp.Infrastructure", "WebApp.Infrastructure\WebApp.Infrastructure.csproj", "{3247CF65-125B-448C-B106-16CAE5E24EBF}"
EndProject
Project("{FAE04EC0-301F-11D3-BF4B-00C04F79EFBC}") = "WebApp.Data", "WebApp.Data\WebApp.Data.csproj", "{B8DDBD86-DFE8-455C-880C-0034ED10FDD1}"
EndProject
Project("{FAE04EC0-301F-11D3-BF4B-00C04F79EFBC}") = "WebApp.Data.EF", "WebApp.Data.EF\WebApp.Data.EF.csproj", "{99AF35DD-3BA2-4E3F-8D02-164C2A308735}"
EndProject
Project("{FAE04EC0-301F-11D3-BF4B-00C04F79EFBC}") = "WebApp.Utilities", "WebApp.Utilities\WebApp.Utilities.csproj", "{975336E7-1760-4CBD-A7A1-49537A176096}"
EndProject
Project("{FAE04EC0-301F-11D3-BF4B-00C04F79EFBC}") = "WebApp.Application", "WebApp.Application\WebApp.Application.csproj", "{B8938B2F-F3FF-4768-BC21-190ECD4BF923}"
EndProject
Project("{2150E333-8FDC-42A3-9474-1A3956D46DE8}") = "1-Presentation", "1-Presentation", "{E6CC7DA5-2F0A-4754-91B6-F963D7CACB65}"
EndProject
Project("{2150E333-8FDC-42A3-9474-1A3956D46DE8}") = "2-Application", "2-Application", "{3AC115BB-839C-4206-A2D9-FB19C18FE349}"
EndProject
Project("{2150E333-8FDC-42A3-9474-1A3956D46DE8}") = "3-Domain", "3-Domain", "{012F3D86-AE66-485F-B093-D9A2DBDEEBB3}"
EndProject
Project("{2150E333-8FDC-42A3-9474-1A3956D46DE8}") = "4-Infrastructure", "4-Infrastructure", "{FA496DA7-5EEA-422C-9BFD-ABB3A00BCDFE}"
EndProject
Global
	GlobalSection(SolutionConfigurationPlatforms) = preSolution
		Debug|Any CPU = Debug|Any CPU
		Release|Any CPU = Release|Any CPU
	EndGlobalSection
	GlobalSection(ProjectConfigurationPlatforms) = postSolution
		{80CBA01B-6ABC-4969-B2E0-88C44E9038A2}.Debug|Any CPU.ActiveCfg = Debug|Any CPU
		{80CBA01B-6ABC-4969-B2E0-88C44E9038A2}.Debug|Any CPU.Build.0 = Debug|Any CPU
		{80CBA01B-6ABC-4969-B2E0-88C44E9038A2}.Release|Any CPU.ActiveCfg = Release|Any CPU
		{80CBA01B-6ABC-4969-B2E0-88C44E9038A2}.Release|Any CPU.Build.0 = Release|Any CPU
		{3247CF65-125B-448C-B106-16CAE5E24EBF}.Debug|Any CPU.ActiveCfg = Debug|Any CPU
		{3247CF65-125B-448C-B106-16CAE5E24EBF}.Debug|Any CPU.Build.0 = Debug|Any CPU
		{3247CF65-125B-448C-B106-16CAE5E24EBF}.Release|Any CPU.ActiveCfg = Release|Any CPU
		{3247CF65-125B-448C-B106-16CAE5E24EBF}.Release|Any CPU.Build.0 = Release|Any CPU
		{B8DDBD86-DFE8-455C-880C-0034ED10FDD1}.Debug|Any CPU.ActiveCfg = Debug|Any CPU
		{B8DDBD86-DFE8-455C-880C-0034ED10FDD1}.Debug|Any CPU.Build.0 = Debug|Any CPU
		{B8DDBD86-DFE8-455C-880C-0034ED10FDD1}.Release|Any CPU.ActiveCfg = Release|Any CPU
		{B8DDBD86-DFE8-455C-880C-0034ED10FDD1}.Release|Any CPU.Build.0 = Release|Any CPU
		{99AF35DD-3BA2-4E3F-8D02-164C2A308735}.Debug|Any CPU.ActiveCfg = Debug|Any CPU
		{99AF35DD-3BA2-4E3F-8D02-164C2A308735}.Debug|Any CPU.Build.0 = Debug|Any CPU
		{99AF35DD-3BA2-4E3F-8D02-164C2A308735}.Release|Any CPU.ActiveCfg = Release|Any CPU
		{99AF35DD-3BA2-4E3F-8D02-164C2A308735}.Release|Any CPU.Build.0 = Release|Any CPU
		{975336E7-1760-4CBD-A7A1-49537A176096}.Debug|Any CPU.ActiveCfg = Debug|Any CPU
		{975336E7-1760-4CBD-A7A1-49537A176096}.Debug|Any CPU.Build.0 = Debug|Any CPU
		{975336E7-1760-4CBD-A7A1-49537A176096}.Release|Any CPU.ActiveCfg = Release|Any CPU
		{975336E7-1760-4CBD-A7A1-49537A176096}.Release|Any CPU.Build.0 = Release|Any CPU
		{B8938B2F-F3FF-4768-BC21-190ECD4BF923}.Debug|Any CPU.ActiveCfg = Debug|Any CPU
		{B8938B2F-F3FF-4768-BC21-190ECD4BF923}.Debug|Any CPU.Build.0 = Debug|Any CPU
		{B8938B2F-F3FF-4768-BC21-190ECD4BF923}.Release|Any CPU.ActiveCfg = Release|Any CPU
		{B8938B2F-F3FF-4768-BC21-190ECD4BF923}.Release|Any CPU.Build.0 = Release|Any CPU
	EndGlobalSection
	GlobalSection(SolutionProperties) = preSolution
		HideSolutionNode = FALSE
	EndGlobalSection
	GlobalSection(NestedProjects) = preSolution
		{80CBA01B-6ABC-4969-B2E0-88C44E9038A2} = {E6CC7DA5-2F0A-4754-91B6-F963D7CACB65}
		{3247CF65-125B-448C-B106-16CAE5E24EBF} = {FA496DA7-5EEA-422C-9BFD-ABB3A00BCDFE}
		{B8DDBD86-DFE8-455C-880C-0034ED10FDD1} = {012F3D86-AE66-485F-B093-D9A2DBDEEBB3}
		{99AF35DD-3BA2-4E3F-8D02-164C2A308735} = {012F3D86-AE66-485F-B093-D9A2DBDEEBB3}
		{975336E7-1760-4CBD-A7A1-49537A176096} = {FA496DA7-5EEA-422C-9BFD-ABB3A00BCDFE}
		{B8938B2F-F3FF-4768-BC21-190ECD4BF923} = {3AC115BB-839C-4206-A2D9-FB19C18FE349}
	EndGlobalSection
	GlobalSection(ExtensibilityGlobals) = postSolution
		SolutionGuid = {C61DC48E-06CF-4535-9F70-CFFD16C2D768}
	EndGlobalSection
EndGlobal
