
Microsoft Visual Studio Solution File, Format Version 12.00
# Visual Studio 15
VisualStudioVersion = 15.0.28307.136
MinimumVisualStudioVersion = 10.0.40219.1
Project("{FAE04EC0-301F-11D3-BF4B-00C04F79EFBC}") = "WebAppBanHang", "WebAppBanHang\WebAppBanHang.csproj", "{80CBA01B-6ABC-4969-B2E0-88C44E9038A2}"
EndProject
Global
	GlobalSection(SolutionConfigurationPlatforms) = preSolution
		Debug|Any CPU = Debug|Any CPU
		Release|Any CPU = Release|Any CPU
	EndGlobalSection
	GlobalSection(ProjectConfigurationPlatforms) = postSolution
		{80CBA01B-6ABC-4969-B2E0-88C44E9038A2}.Debug|Any CPU.ActiveCfg = Debug|Any CPU
		{80CBA01B-6ABC-4969-B2E0-88C44E9038A2}.Debug|Any CPU.Build.0 = Debug|Any CPU
		{80CBA01B-6ABC-4969-B2E0-88C44E9038A2}.Release|Any CPU.ActiveCfg = Release|Any CPU
		{80CBA01B-6ABC-4969-B2E0-88C44E9038A2}.Release|Any CPU.Build.0 = Release|Any CPU
	EndGlobalSection
	GlobalSection(SolutionProperties) = preSolution
		HideSolutionNode = FALSE
	EndGlobalSection
	GlobalSection(ExtensibilityGlobals) = postSolution
		SolutionGuid = {C61DC48E-06CF-4535-9F70-CFFD16C2D768}
	EndGlobalSection
EndGlobal
